
Microsoft Visual Studio Solution File, Format Version 12.00
# Visual Studio Version 17
VisualStudioVersion = 17.5.33516.290
MinimumVisualStudioVersion = 10.0.40219.1
Project("{FAE04EC0-301F-11D3-BF4B-00C04F79EFBC}") = "CompositeDesignPattern", "CompositeDesignPattern\CompositeDesignPattern.csproj", "{2BAD820F-B9C6-421B-BDB6-ECD8F034C39B}"
EndProject
Project("{FAE04EC0-301F-11D3-BF4B-00C04F79EFBC}") = "CompositeDesignPatternTests", "CompositeDesignPattern.Test\CompositeDesignPatternTests.csproj", "{4CEA9650-5DE4-438E-A08F-CD11052DFB70}"
EndProject
Global
	GlobalSection(SolutionConfigurationPlatforms) = preSolution
		Debug|Any CPU = Debug|Any CPU
		Release|Any CPU = Release|Any CPU
	EndGlobalSection
	GlobalSection(ProjectConfigurationPlatforms) = postSolution
		{2BAD820F-B9C6-421B-BDB6-ECD8F034C39B}.Debug|Any CPU.ActiveCfg = Debug|Any CPU
		{2BAD820F-B9C6-421B-BDB6-ECD8F034C39B}.Debug|Any CPU.Build.0 = Debug|Any CPU
		{2BAD820F-B9C6-421B-BDB6-ECD8F034C39B}.Release|Any CPU.ActiveCfg = Release|Any CPU
		{2BAD820F-B9C6-421B-BDB6-ECD8F034C39B}.Release|Any CPU.Build.0 = Release|Any CPU
		{4CEA9650-5DE4-438E-A08F-CD11052DFB70}.Debug|Any CPU.ActiveCfg = Debug|Any CPU
		{4CEA9650-5DE4-438E-A08F-CD11052DFB70}.Debug|Any CPU.Build.0 = Debug|Any CPU
		{4CEA9650-5DE4-438E-A08F-CD11052DFB70}.Release|Any CPU.ActiveCfg = Release|Any CPU
		{4CEA9650-5DE4-438E-A08F-CD11052DFB70}.Release|Any CPU.Build.0 = Release|Any CPU
	EndGlobalSection
	GlobalSection(SolutionProperties) = preSolution
		HideSolutionNode = FALSE
	EndGlobalSection
	GlobalSection(ExtensibilityGlobals) = postSolution
		SolutionGuid = {D2A8F725-6249-4400-9869-4DFBD187D0A4}
	EndGlobalSection
EndGlobal
